{
    "_meta": {
        "hash": {
            "sha256": "3ea65d6fb37538069abd0358c25a55b0e661fa33eceea006bf50d257383553a7"
        },
        "pipfile-spec": 6,
        "requires": {
            "python_version": "3.8"
        },
        "sources": [
            {
                "name": "pypi",
                "url": "https://pypi.org/simple",
                "verify_ssl": true
            }
        ]
    },
    "default": {
        "attrs": {
            "hashes": [
                "sha256:149e90d6d8ac20db7a955ad60cf0e6881a3f20d37096140088356da6c716b0b1",
                "sha256:ef6aaac3ca6cd92904cdd0d83f629a15f18053ec84e6432106f7a4d04ae4f5fb"
            ],
            "markers": "python_version >= '2.7' and python_version not in '3.0, 3.1, 3.2, 3.3, 3.4'",
            "version": "==21.2.0"
        },
        "certifi": {
            "hashes": [
                "sha256:78884e7c1d4b00ce3cea67b44566851c4343c120abd683433ce934a68ea58872",
                "sha256:d62a0163eb4c2344ac042ab2bdf75399a71a2d8c7d47eac2e2ee91b9d6339569"
            ],
            "version": "==2021.10.8"
        },
        "chardet": {
            "hashes": [
                "sha256:0d6f53a15db4120f2b08c94f11e7d93d2c911ee118b6b30a04ec3ee8310179fa",
                "sha256:f864054d66fd9118f2e67044ac8981a54775ec5b67aed0441892edb553d21da5"
            ],
            "markers": "python_version >= '2.7' and python_version not in '3.0, 3.1, 3.2, 3.3, 3.4'",
            "version": "==4.0.0"
        },
        "click": {
            "hashes": [
                "sha256:d2b5255c7c6349bc1bd1e59e08cd12acbbd63ce649f2588755783aa94dfb6b1a",
                "sha256:dacca89f4bfadd5de3d7489b7c8a566eee0d3676333fbb50030263894c38c0dc"
            ],
            "index": "pypi",
            "version": "==7.1.2"
        },
        "click-plugins": {
            "hashes": [
                "sha256:46ab999744a9d831159c3411bb0c79346d94a444df9a3a3742e9ed63645f264b",
                "sha256:5d262006d3222f5057fd81e1623d4443e41dcda5dc815c06b442aa3c02889fc8"
            ],
            "version": "==1.1.1"
        },
        "cligj": {
            "hashes": [
                "sha256:a4bc13d623356b373c2c27c53dbd9c68cae5d526270bfa71f6c6fa69669c6b27",
                "sha256:c1ca117dbce1fe20a5809dc96f01e1c2840f6dcc939b3ddbb1111bf330ba82df"
            ],
            "markers": "python_version >= '2.7' and python_version not in '3.0, 3.1, 3.2, 3.3' and python_version < '4'",
            "version": "==0.7.2"
        },
        "fiona": {
            "hashes": [
                "sha256:02880556540e36ad6aac97687799d9b3093c354787a47bc0e73026c7fc15f1b3",
                "sha256:03f910380dbe684730b59b817aa030e6e9a3ee79211b66c6db2d1c8fe6ea12de",
                "sha256:328340a448bed5c43d119f61f760368a04d13a302c59d2fccb051a3ff021f4b8",
                "sha256:3f668c471fa2f8c9c0a9ca83639cb2c8dcc93edc3d93d43dba2f9e8da38ad53e",
                "sha256:54f81039e913d0f88728ef23edf5a69038dec94dea54f4c799f972ba8e2a7d40",
                "sha256:5e1cef608c6de9039eaa65b395024096e3189ab0559a5a328c68c4690c3302ce",
                "sha256:a70502d2857b82f749c09cb0dea3726787747933a2a1599b5ab787d74e3c143b",
                "sha256:bef100ebd82afb9a4d67096216e82611b82ca9341330e4805832d7ff8c9bc1f7",
                "sha256:e72e4a5b84ec410be531d4fe4c1a5c87c6c0e92d01116c145c0f1b33f81c8080"
            ],
            "version": "==1.8.20"
        },
        "geoalchemy2": {
            "hashes": [
                "sha256:3b83654db15ed807a7bdb2e7dd1c787a47cfc3e4fb92a0558685001fbb7342da",
                "sha256:d9336f17df3e7a10f94d1ea2488dcfb97a8bc23fe7f5edea425ddab553534b0a"
            ],
            "index": "pypi",
            "version": "==0.8.4"
        },
        "geopandas": {
            "hashes": [
                "sha256:e28a729e44ac53c1891b54b1aca60e3bc0bb9e88ad0f2be8e301a03b9510f6e2",
                "sha256:ef90a7f5ce9337f412c1dab9e014b4076b639fb7fc0edcf8b57c252c91a096c4"
            ],
            "index": "pypi",
            "version": "==0.8.1"
        },
        "idna": {
            "hashes": [
                "sha256:b307872f855b18632ce0c21c5e45be78c0ea7ae4c15c828c20788b26921eb3f6",
                "sha256:b97d804b1e9b523befed77c48dacec60e6dcb0b5391d57af6a65a312a90648c0"
            ],
            "markers": "python_version >= '2.7' and python_version not in '3.0, 3.1, 3.2, 3.3'",
            "version": "==2.10"
        },
        "munch": {
            "hashes": [
                "sha256:2d735f6f24d4dba3417fa448cae40c6e896ec1fdab6cdb5e6510999758a4dbd2",
                "sha256:6f44af89a2ce4ed04ff8de41f70b226b984db10a91dcc7b9ac2efc1c77022fdd"
            ],
            "version": "==2.5.0"
        },
        "numpy": {
            "hashes": [
                "sha256:0b78ecfa070460104934e2caf51694ccd00f37d5e5dbe76f021b1b0b0d221823",
                "sha256:1247ef28387b7bb7f21caf2dbe4767f4f4175df44d30604d42ad9bd701ebb31f",
                "sha256:1403b4e2181fc72664737d848b60e65150f272fe5a1c1cbc16145ed43884065a",
                "sha256:170b2a0805c6891ca78c1d96ee72e4c3ed1ae0a992c75444b6ab20ff038ba2cd",
                "sha256:2e4ed57f45f0aa38beca2a03b6532e70e548faf2debbeb3291cfc9b315d9be8f",
                "sha256:32fe5b12061f6446adcbb32cf4060a14741f9c21e15aaee59a207b6ce6423469",
                "sha256:34f3456f530ae8b44231c63082c8899fe9c983fd9b108c997c4b1c8c2d435333",
                "sha256:4c9c23158b87ed0e70d9a50c67e5c0b3f75bcf2581a8e34668d4e9d7474d76c6",
                "sha256:5d95668e727c75b3f5088ec7700e260f90ec83f488e4c0aaccb941148b2cd377",
                "sha256:615d4e328af7204c13ae3d4df7615a13ff60a49cb0d9106fde07f541207883ca",
                "sha256:69077388c5a4b997442b843dbdc3a85b420fb693ec8e33020bb24d647c164fa5",
                "sha256:74b85a17528ca60cf98381a5e779fc0264b4a88b46025e6bcbe9621f46bb3e63",
                "sha256:81225e58ef5fce7f1d80399575576fc5febec79a8a2742e8ef86d7b03beef49f",
                "sha256:8890b3360f345e8360133bc078d2dacc2843b6ee6059b568781b15b97acbe39f",
                "sha256:92aafa03da8658609f59f18722b88f0a73a249101169e28415b4fa148caf7e41",
                "sha256:9864424631775b0c052f3bd98bc2712d131b3e2cd95d1c0c68b91709170890b0",
                "sha256:9e6f5f50d1eff2f2f752b3089a118aee1ea0da63d56c44f3865681009b0af162",
                "sha256:a3deb31bc84f2b42584b8c4001c85d1934dbfb4030827110bc36bfd11509b7bf",
                "sha256:ad010846cdffe7ec27e3f933397f8a8d6c801a48634f419e3d075db27acf5880",
                "sha256:b1e2312f5b8843a3e4e8224b2b48fe16119617b8fc0a54df8f50098721b5bed2",
                "sha256:bc988afcea53e6156546e5b2885b7efab089570783d9d82caf1cfd323b0bb3dd",
                "sha256:c449eb870616a7b62e097982c622d2577b3dbc800aaf8689254ec6e0197cbf1e",
                "sha256:c74c699b122918a6c4611285cc2cad4a3aafdb135c22a16ec483340ef97d573c",
                "sha256:c885bfc07f77e8fee3dc879152ba993732601f1f11de248d4f357f0ffea6a6d4",
                "sha256:e3c3e990274444031482a31280bf48674441e0a5b55ddb168f3a6db3e0c38ec8",
                "sha256:e4799be6a2d7d3c33699a6f77201836ac975b2e1b98c2a07f66a38f499cb50ce",
                "sha256:e6c76a87633aa3fa16614b61ccedfae45b91df2767cf097aa9c933932a7ed1e0",
                "sha256:e89717274b41ebd568cd7943fc9418eeb49b1785b66031bc8a7f6300463c5898",
                "sha256:f5162ec777ba7138906c9c274353ece5603646c6965570d82905546579573f73",
                "sha256:fde96af889262e85aa033f8ee1d3241e32bf36228318a61f1ace579df4e8170d"
            ],
            "markers": "python_version < '3.11' and python_version >= '3.7'",
            "version": "==1.21.4"
        },
        "pandas": {
            "hashes": [
                "sha256:0a643bae4283a37732ddfcecab3f62dd082996021b980f580903f4e8e01b3c5b",
                "sha256:0de3ddb414d30798cbf56e642d82cac30a80223ad6fe484d66c0ce01a84d6f2f",
                "sha256:19a2148a1d02791352e9fa637899a78e371a3516ac6da5c4edc718f60cbae648",
                "sha256:21b5a2b033380adbdd36b3116faaf9a4663e375325831dac1b519a44f9e439bb",
                "sha256:24c7f8d4aee71bfa6401faeba367dd654f696a77151a8a28bc2013f7ced4af98",
                "sha256:26fa92d3ac743a149a31b21d6f4337b0594b6302ea5575b37af9ca9611e8981a",
                "sha256:2860a97cbb25444ffc0088b457da0a79dc79f9c601238a3e0644312fcc14bf11",
                "sha256:2b1c6cd28a0dfda75c7b5957363333f01d370936e4c6276b7b8e696dd500582a",
                "sha256:2c2f7c670ea4e60318e4b7e474d56447cf0c7d83b3c2a5405a0dbb2600b9c48e",
                "sha256:3be7a7a0ca71a2640e81d9276f526bca63505850add10206d0da2e8a0a325dae",
                "sha256:4c62e94d5d49db116bef1bd5c2486723a292d79409fc9abd51adf9e05329101d",
                "sha256:5008374ebb990dad9ed48b0f5d0038124c73748f5384cc8c46904dace27082d9",
                "sha256:5447ea7af4005b0daf695a316a423b96374c9c73ffbd4533209c5ddc369e644b",
                "sha256:573fba5b05bf2c69271a32e52399c8de599e4a15ab7cec47d3b9c904125ab788",
                "sha256:5a780260afc88268a9d3ac3511d8f494fdcf637eece62fb9eb656a63d53eb7ca",
                "sha256:70865f96bb38fec46f7ebd66d4b5cfd0aa6b842073f298d621385ae3898d28b5",
                "sha256:731568be71fba1e13cae212c362f3d2ca8932e83cb1b85e3f1b4dd77d019254a",
                "sha256:b61080750d19a0122469ab59b087380721d6b72a4e7d962e4d7e63e0c4504814",
                "sha256:bf23a3b54d128b50f4f9d4675b3c1857a688cc6731a32f931837d72effb2698d",
                "sha256:c16d59c15d946111d2716856dd5479221c9e4f2f5c7bc2d617f39d870031e086",
                "sha256:c61c043aafb69329d0f961b19faa30b1dab709dd34c9388143fc55680059e55a",
                "sha256:c94ff2780a1fd89f190390130d6d36173ca59fcfb3fe0ff596f9a56518191ccb",
                "sha256:edda9bacc3843dfbeebaf7a701763e68e741b08fccb889c003b0a52f0ee95782",
                "sha256:f10fc41ee3c75a474d3bdf68d396f10782d013d7f67db99c0efbfd0acb99701b"
            ],
            "index": "pypi",
            "version": "==1.1.5"
        },
        "psycopg2-binary": {
            "hashes": [
                "sha256:0deac2af1a587ae12836aa07970f5cb91964f05a7c6cdb69d8425ff4c15d4e2c",
                "sha256:0e4dc3d5996760104746e6cfcdb519d9d2cd27c738296525d5867ea695774e67",
                "sha256:11b9c0ebce097180129e422379b824ae21c8f2a6596b159c7659e2e5a00e1aa0",
                "sha256:15978a1fbd225583dd8cdaf37e67ccc278b5abecb4caf6b2d6b8e2b948e953f6",
                "sha256:1fabed9ea2acc4efe4671b92c669a213db744d2af8a9fc5d69a8e9bc14b7a9db",
                "sha256:2dac98e85565d5688e8ab7bdea5446674a83a3945a8f416ad0110018d1501b94",
                "sha256:42ec1035841b389e8cc3692277a0bd81cdfe0b65d575a2c8862cec7a80e62e52",
                "sha256:6422f2ff0919fd720195f64ffd8f924c1395d30f9a495f31e2392c2efafb5056",
                "sha256:6a32f3a4cb2f6e1a0b15215f448e8ce2da192fd4ff35084d80d5e39da683e79b",
                "sha256:7312e931b90fe14f925729cde58022f5d034241918a5c4f9797cac62f6b3a9dd",
                "sha256:7d92a09b788cbb1aec325af5fcba9fed7203897bbd9269d5691bb1e3bce29550",
                "sha256:833709a5c66ca52f1d21d41865a637223b368c0ee76ea54ca5bad6f2526c7679",
                "sha256:89705f45ce07b2dfa806ee84439ec67c5d9a0ef20154e0e475e2b2ed392a5b83",
                "sha256:8cd0fb36c7412996859cb4606a35969dd01f4ea34d9812a141cd920c3b18be77",
                "sha256:950bc22bb56ee6ff142a2cb9ee980b571dd0912b0334aa3fe0fe3788d860bea2",
                "sha256:a0c50db33c32594305b0ef9abc0cb7db13de7621d2cadf8392a1d9b3c437ef77",
                "sha256:a0eb43a07386c3f1f1ebb4dc7aafb13f67188eab896e7397aa1ee95a9c884eb2",
                "sha256:aaa4213c862f0ef00022751161df35804127b78adf4a2755b9f991a507e425fd",
                "sha256:ac0c682111fbf404525dfc0f18a8b5f11be52657d4f96e9fcb75daf4f3984859",
                "sha256:ad20d2eb875aaa1ea6d0f2916949f5c08a19c74d05b16ce6ebf6d24f2c9f75d1",
                "sha256:b4afc542c0ac0db720cf516dd20c0846f71c248d2b3d21013aa0d4ef9c71ca25",
                "sha256:b8a3715b3c4e604bcc94c90a825cd7f5635417453b253499664f784fc4da0152",
                "sha256:ba28584e6bca48c59eecbf7efb1576ca214b47f05194646b081717fa628dfddf",
                "sha256:ba381aec3a5dc29634f20692349d73f2d21f17653bda1decf0b52b11d694541f",
                "sha256:bd1be66dde2b82f80afb9459fc618216753f67109b859a361cf7def5c7968729",
                "sha256:c2507d796fca339c8fb03216364cca68d87e037c1f774977c8fc377627d01c71",
                "sha256:cec7e622ebc545dbb4564e483dd20e4e404da17ae07e06f3e780b2dacd5cee66",
                "sha256:d14b140a4439d816e3b1229a4a525df917d6ea22a0771a2a78332273fd9528a4",
                "sha256:d1b4ab59e02d9008efe10ceabd0b31e79519da6fb67f7d8e8977118832d0f449",
                "sha256:d5227b229005a696cc67676e24c214740efd90b148de5733419ac9aaba3773da",
                "sha256:e1f57aa70d3f7cc6947fd88636a481638263ba04a742b4a37dd25c373e41491a",
                "sha256:e74a55f6bad0e7d3968399deb50f61f4db1926acf4a6d83beaaa7df986f48b1c",
                "sha256:e82aba2188b9ba309fd8e271702bd0d0fc9148ae3150532bbb474f4590039ffb",
                "sha256:ee69dad2c7155756ad114c02db06002f4cded41132cc51378e57aad79cc8e4f4",
                "sha256:f5ab93a2cb2d8338b1674be43b442a7f544a0971da062a5da774ed40587f18f5"
            ],
            "index": "pypi",
            "version": "==2.8.6"
        },
        "pyarrow": {
            "hashes": [
                "sha256:00d8fb8a9b2d9bb2f0ced2765b62c5d72689eed06c47315bca004584b0ccda60",
                "sha256:0b358773eb9fb1b31c8217c6c8c0b4681c3dff80562dc23ad5b379f0279dad69",
                "sha256:0bf43e520c33ceb1dd47263a5326830fca65f18d827f7f7b8fe7e64fc4364d88",
                "sha256:0db5156a66615591a4a8c66a9a30890a364a259de8d2a6ccb873c7d1740e6c75",
                "sha256:1000e491e9a539588ec33a2c2603cf05f1d4629aef375345bfd64f2ab7bc8529",
                "sha256:14b02a629986c25e045f81771799e07a8bb3f339898c111314066436769a3dd4",
                "sha256:16ec87163a2fb4abd48bf79cbdf70a7455faa83740e067c2280cfa45a63ed1f3",
                "sha256:3e33e9003794c9062f4c963a10f2a0d787b83d4d1a517a375294f2293180b778",
                "sha256:652c5dff97624375ed0f97cc8ad6f88ee01953f15c17083917735de171f03fe0",
                "sha256:6afc71cc9c234f3cdbe971297468755ec3392966cb19d3a6caf42fd7dbc6aaa9",
                "sha256:916b593a24f2812b9a75adef1143b1dd89d799e1803282fea2829c5dc0b828ea",
                "sha256:9a8d3c6baa6e159017d97e8a028ae9eaa2811d8f1ab3d22710c04dcddc0dd7a1",
                "sha256:9f4ba9ab479c0172e532f5d73c68e30a31c16b01e09bb21eba9201561231f722",
                "sha256:acdd18fd83c0be0b53a8e734c0a650fb27bbf4e7d96a8f7eb0a7506ea58bd594",
                "sha256:b5e6cd217457e8febcc98a6c279b96f72d5c31a24cd2bffd8d3b2da701d2025c",
                "sha256:bc8c3713086e4a137b3fda4b149440458b1b0bd72f67b1afa2c7068df1edc060",
                "sha256:c801e59ec4e8d9d871e299726a528c3ba3139f2ce2d9cdab101f8483c52eec7c",
                "sha256:ccff3a72f70ebfcc002bf75f5ad1248065e5c9c14e0dcfa599a438ea221c5658",
                "sha256:ce0462cec7f81c4ff87ce1a95c82a8d467606dce6c72e92906ac251c6115f32b",
                "sha256:cf9bf10daadbbf1a360ac1c7dab0b4f8381d81a3f452737bd6ed310d57a88be8",
                "sha256:dc0d04c42632e65c4fcbe2f82c70109c5f347652844ead285bc1285dc3a67660",
                "sha256:dd661b6598ce566c6f41d31cc1fc4482308613c2c0c808bd8db33b0643192f84",
                "sha256:eb05038b750a6e16a9680f9d2c40d050796284ea1f94690da8f4f28805af0495",
                "sha256:fb69672e69e1b752744ee1e236fdf03aad78ffec905fc5c19adbaf88bac4d0fd",
                "sha256:ffb306951b5925a0638dc2ef1ab7ce8033f39e5b4e0fef5787b91ef4fa7da19d"
            ],
            "index": "pypi",
            "version": "==2.0.0"
        },
        "pyproj": {
            "hashes": [
                "sha256:067a5c6099949edd66e9a10b139af4e2f65ebadb9f59583923a1d3feefac749a",
                "sha256:0e1fd560b509b722db6566fa9685252f25640e93464d09e13d5190ed7ab491ba",
                "sha256:235b52d8700ffb6be1f3638b1e25d83a9c13edcdb793236d8a98fd39227c5c27",
                "sha256:277072176a17471c0b1d25d6cae75401d81e9b50ea625ba546f5b79acd757dfc",
                "sha256:2c41c9b7b5e1a1b0acc2b7b2f5de65b226f7b96c870888e4f679ff96322b1ed0",
                "sha256:3d28b84913cd849832a8f154c0e0c2ee4618057f7389ee68bfdb2145e7ed78cc",
                "sha256:4125e6704751d0e82d8d912d9851da097e8d38599d4c45f9944faaeb21771938",
                "sha256:44b5590c0b8dd002154916e170ef88f57abf91005b34bcb23faef97abb4d42c2",
                "sha256:4d2fc49c73d9f34e932bf37926d56916ba1b6f2f693cd4d8cc1d0d9eacc0e537",
                "sha256:5a105bfe37c78416d2641cd5d3368c99057d041f15f8d51ea3898953b21395c9",
                "sha256:99f171da5f885efeec8d7fb2e2557175ffa8834eeb488842b1f52ac78a9a98e5",
                "sha256:ab4baf781721640659db83a6b4da636fc403008f4978c668275754284c946778",
                "sha256:b15e199c1da8fd132e11dfa68d8cf65d4812dedabc776b308df778ecd0d07658",
                "sha256:b48dd9e5736957707fce1d9253fb0772bcf80480198c7790e21fed73fee61240",
                "sha256:ce1adec823738e2d7c6af019fc38f58b4204bacfc782e4430373578c672f3833",
                "sha256:ce8bfbc212729e9a643f5f5d77f7a93394e032eda1e2d8799ae902d08add747e",
                "sha256:dbf479bd481774ad217e9db5674868eee8f01dfe3868f61753328895ae7da61a",
                "sha256:e70a1ea6f198cace1a492397bdd0a46e640201120973293d6c48031e370d6a87",
                "sha256:eca8ecf2b6b3225d93c723e6a2f51143d9195ac407f69e979363cdde344b93bb",
                "sha256:fcceb6736085bf19291b707bc67c8cebe05330bd02268e9b8eba6d28a1905fce"
            ],
            "markers": "python_version >= '3.8'",
            "version": "==3.3.0"
        },
        "python-dateutil": {
            "hashes": [
                "sha256:0123cacc1627ae19ddf3c27a5de5bd67ee4586fbdd6440d9748f8abb483d3e86",
                "sha256:961d03dc3453ebbc59dbdea9e4e11c5651520a876d0f4db161e8674aae935da9"
            ],
            "markers": "python_version >= '2.7' and python_version not in '3.0, 3.1, 3.2, 3.3'",
            "version": "==2.8.2"
        },
        "pytz": {
            "hashes": [
                "sha256:3672058bc3453457b622aab7a1c3bfd5ab0bdae451512f6cf25f64ed37f5b87c",
                "sha256:acad2d8b20a1af07d4e4c9d2e9285c5ed9104354062f275f3fcd88dcef4f1326"
            ],
            "version": "==2021.3"
        },
        "requests": {
            "hashes": [
                "sha256:27973dd4a904a4f13b263a19c866c13b92a39ed1c964655f025f3f8d3d75b804",
                "sha256:c210084e36a42ae6b9219e00e48287def368a26d03a048ddad7bfee44f75871e"
            ],
            "index": "pypi",
            "version": "==2.25.1"
        },
        "setuptools": {
            "hashes": [
                "sha256:b4c634615a0cf5b02cf83c7bedffc8da0ca439f00e79452699454da6fbd4153d",
                "sha256:feb5ff19b354cde9efd2344ef6d5e79880ce4be643037641b49508bbb850d060"
            ],
            "markers": "python_version >= '3.6'",
            "version": "==59.4.0"
        },
        "shapely": {
            "hashes": [
                "sha256:0e640d6da59172d679270f0dfd88128b6ae7c57df864a030dd858ff924c307fc",
                "sha256:13cbb959863cec32d48e2cffdc4bb81828bc3b0fa4256c9b2b32edac5021a0e4",
                "sha256:19b54cd840883fd71cce98fd94916d1731eed8a32c115eb082b3ed24e631be02",
                "sha256:1c5632cedea6d815b61eb4c264da1c3f24a8ce2ceba2f74e30fba340ca230563",
                "sha256:26b43b69dfeb8a8cb27aacf5597134baf12337845c2bacb01809540c20d3d904",
                "sha256:2c3cc87e66cbffd00ce0457c03969b64935752824bf43a1cd61f21cf606997d6",
                "sha256:4e8cdffeec6d0c47ed1eb215ec4e80c024ac05be6ded982061c1e1188034f22f",
                "sha256:622f62d2b2da81dd40841a56db0f78bcf9f9af7a83c7d5f5dc9bcb234aa650ba",
                "sha256:68bdf463f7a609fbed42bbded18fa74c82a5741251984a5597d070060f4286f4",
                "sha256:78b3a46dadd47c27e658d5e8d9006b4b1eb9b7ab947b450059225dcee799a18f",
                "sha256:796b15a483ac37c2dc757654186d0e064a42fb6f43cb9d1ff65d81cd0c92a84e",
                "sha256:7e1aebf4f1b2fbef40152fd531216387fcf6fe4ff2d777268381979b63c7c779",
                "sha256:83145eda2e582c2046d1ecc6a0d7dbfe97f492434311124f65ea60f4e87a6b65",
                "sha256:83d10f8b47a7568fc90063f72da62cda201dc92ecadf80cc00c015babc48e11f",
                "sha256:8917a91430126165cfa4bc2b4cf168121e37ff0c8657134e7398c597ca1fe934",
                "sha256:9b54ebd8fa4b78320f6d87032fe91363c7c1bf0f8d4a30eb93bca6413f787fd5",
                "sha256:bd84d993a0e8e07f5ebb4c67794d5392fdd23ce59a7ccc121900f2080f57989a",
                "sha256:cfb9d72d255af1a484e3859f4c9bb737950faf1d16c21d2b949ffc4ba5f46147",
                "sha256:d4ce1f18a0c9bb6b483c73bd7a0eb3a5e90676bcc29b9c27120236e662195c9d",
                "sha256:f304243b1f4d7bca9b3c9fdeec6565171e1b611fb4a3d6c93efc870c8a75958c",
                "sha256:f5307ee14ba4199f8bbcf6532ca33064661c1433960c432c84f0daa73b47ef9c"
            ],
            "markers": "python_version >= '3.6'",
            "version": "==1.8.0"
        },
        "six": {
            "hashes": [
                "sha256:1e61c37477a1626458e36f7b1d82aa5c9b094fa4802892072e49de9c60c4c926",
                "sha256:8abb2f1d86890a2dfb989f9a77cfcfd3e47c2a354b01111771326f8aa26e0254"
            ],
            "markers": "python_version >= '2.7' and python_version not in '3.0, 3.1, 3.2, 3.3'",
            "version": "==1.16.0"
        },
        "sqlalchemy": {
            "hashes": [
                "sha256:04f995fcbf54e46cddeb4f75ce9dfc17075d6ae04ac23b2bacb44b3bc6f6bf11",
                "sha256:0c6406a78a714a540d980a680b86654feadb81c8d0eecb59f3d6c554a4c69f19",
                "sha256:0c72b90988be749e04eff0342dcc98c18a14461eb4b2ad59d611b57b31120f90",
                "sha256:108580808803c7732f34798eb4a329d45b04c562ed83ee90f09f6a184a42b766",
                "sha256:1418f5e71d6081aa1095a1d6b567a562d2761996710bdce9b6e6ba20a03d0864",
                "sha256:17610d573e698bf395afbbff946544fbce7c5f4ee77b5bcb1f821b36345fae7a",
                "sha256:216ba5b4299c95ed179b58f298bda885a476b16288ab7243e89f29f6aeced7e0",
                "sha256:2ff132a379838b1abf83c065be54cef32b47c987aedd06b82fc76476c85225eb",
                "sha256:314f5042c0b047438e19401d5f29757a511cfc2f0c40d28047ca0e4c95eabb5b",
                "sha256:318b5b727e00662e5fc4b4cd2bf58a5116d7c1b4dd56ffaa7d68f43458a8d1ed",
                "sha256:3ab5b44a07b8c562c6dcb7433c6a6c6e03266d19d64f87b3333eda34e3b9936b",
                "sha256:426ece890153ccc52cc5151a1a0ed540a5a7825414139bb4c95a868d8da54a52",
                "sha256:491fe48adc07d13e020a8b07ef82eefc227003a046809c121bea81d3dbf1832d",
                "sha256:4a84c7c7658dd22a33dab2e2aa2d17c18cb004a42388246f2e87cb4085ef2811",
                "sha256:54da615e5b92c339e339fe8536cce99fe823b6ed505d4ea344852aefa1c205fb",
                "sha256:5a7f224cdb7233182cec2a45d4c633951268d6a9bcedac37abbf79dd07012aea",
                "sha256:61628715931f4962e0cdb2a7c87ff39eea320d2aa96bd471a3c293d146f90394",
                "sha256:62285607a5264d1f91590abd874d6a498e229d5840669bd7d9f654cfaa599bd0",
                "sha256:62fb881ba51dbacba9af9b779211cf9acff3442d4f2993142015b22b3cd1f92a",
                "sha256:68428818cf80c60dc04aa0f38da20ad39b28aba4d4d199f949e7d6e04444ea86",
                "sha256:6aaa13ee40c4552d5f3a59f543f0db6e31712cc4009ec7385407be4627259d41",
                "sha256:70121f0ae48b25ef3e56e477b88cd0b0af0e1f3a53b5554071aa6a93ef378a03",
                "sha256:715b34578cc740b743361f7c3e5f584b04b0f1344f45afc4e87fbac4802eb0a0",
                "sha256:758fc8c4d6c0336e617f9f6919f9daea3ab6bb9b07005eda9a1a682e24a6cacc",
                "sha256:7d4b8de6bb0bc736161cb0bbd95366b11b3eb24dd6b814a143d8375e75af9990",
                "sha256:81d8d099a49f83111cce55ec03cc87eef45eec0d90f9842b4fc674f860b857b0",
                "sha256:888d5b4b5aeed0d3449de93ea80173653e939e916cc95fe8527079e50235c1d2",
                "sha256:95bde07d19c146d608bccb9b16e144ec8f139bcfe7fd72331858698a71c9b4f5",
                "sha256:9bf572e4f5aa23f88dd902f10bb103cb5979022a38eec684bfa6d61851173fec",
                "sha256:bab5a1e15b9466a25c96cda19139f3beb3e669794373b9ce28c4cf158c6e841d",
                "sha256:bd4b1af45fd322dcd1fb2a9195b4f93f570d1a5902a842e3e6051385fac88f9c",
                "sha256:bde677047305fe76c7ee3e4492b545e0018918e44141cc154fe39e124e433991",
                "sha256:c389d7cc2b821853fb018c85457da3e7941db64f4387720a329bc7ff06a27963",
                "sha256:d055ff750fcab69ca4e57b656d9c6ad33682e9b8d564f2fbe667ab95c63591b0",
                "sha256:d53f59744b01f1440a1b0973ed2c3a7de204135c593299ee997828aad5191693",
                "sha256:f115150cc4361dd46153302a640c7fa1804ac207f9cc356228248e351a8b4676",
                "sha256:f1e88b30da8163215eab643962ae9d9252e47b4ea53404f2c4f10f24e70ddc62",
                "sha256:f8191fef303025879e6c3548ecd8a95aafc0728c764ab72ec51a0bdf0c91a341"
            ],
            "index": "pypi",
            "version": "==1.3.22"
        },
        "tqdm": {
            "hashes": [
                "sha256:38b658a3e4ecf9b4f6f8ff75ca16221ae3378b2e175d846b6b33ea3a20852cf5",
                "sha256:d4f413aecb61c9779888c64ddf0c62910ad56dcbe857d8922bb505d4dbff0df1"
            ],
            "index": "pypi",
            "version": "==4.54.1"
        },
        "urllib3": {
            "hashes": [
                "sha256:753a0374df26658f99d826cfe40394a686d05985786d946fbe4165b5148f5a7c",
                "sha256:a7acd0977125325f516bda9735fa7142b909a8d01e8b2e4c8108d0984e6e0098"
            ],
            "index": "pypi",
            "version": "==1.26.5"
        }
    },
    "develop": {
        "black": {
            "hashes": [
                "sha256:802c6c30b637b28645b7fde282ed2569c0cd777dbe493a41b6a03c1d903f99ac",
                "sha256:a042adbb18b3262faad5aff4e834ff186bb893f95ba3a8013f09de1e5569def2"
            ],
            "index": "pypi",
            "version": "==21.11b1"
        },
        "click": {
            "hashes": [
                "sha256:d2b5255c7c6349bc1bd1e59e08cd12acbbd63ce649f2588755783aa94dfb6b1a",
                "sha256:dacca89f4bfadd5de3d7489b7c8a566eee0d3676333fbb50030263894c38c0dc"
            ],
            "index": "pypi",
            "version": "==7.1.2"
        },
        "mypy-extensions": {
            "hashes": [
                "sha256:090fedd75945a69ae91ce1303b5824f428daf5a028d2f6ab8a299250a846f15d",
                "sha256:2d82818f5bb3e369420cb3c4060a7970edba416647068eb4c5343488a6c604a8"
            ],
            "version": "==0.4.3"
        },
        "pathspec": {
            "hashes": [
                "sha256:7d15c4ddb0b5c802d161efc417ec1a2558ea2653c2e8ad9c19098201dc1c993a",
                "sha256:e564499435a2673d586f6b2130bb5b95f04a3ba06f81b8f895b651a3c76aabb1"
            ],
            "version": "==0.9.0"
        },
        "platformdirs": {
            "hashes": [
                "sha256:367a5e80b3d04d2428ffa76d33f124cf11e8fff2acdaa9b43d545f5c7d661ef2",
                "sha256:8868bbe3c3c80d42f20156f22e7131d2fb321f5bc86a2a345375c6481a67021d"
            ],
            "markers": "python_version >= '3.6'",
            "version": "==2.4.0"
        },
        "regex": {
            "hashes": [
                "sha256:0416f7399e918c4b0e074a0f66e5191077ee2ca32a0f99d4c187a62beb47aa05",
                "sha256:05b7d6d7e64efe309972adab77fc2af8907bb93217ec60aa9fe12a0dad35874f",
                "sha256:0617383e2fe465732af4509e61648b77cbe3aee68b6ac8c0b6fe934db90be5cc",
                "sha256:07856afef5ffcc052e7eccf3213317fbb94e4a5cd8177a2caa69c980657b3cb4",
                "sha256:0f594b96fe2e0821d026365f72ac7b4f0b487487fb3d4aaf10dd9d97d88a9737",
                "sha256:139a23d1f5d30db2cc6c7fd9c6d6497872a672db22c4ae1910be22d4f4b2068a",
                "sha256:162abfd74e88001d20cb73ceaffbfe601469923e875caf9118333b1a4aaafdc4",
                "sha256:2207ae4f64ad3af399e2d30dde66f0b36ae5c3129b52885f1bffc2f05ec505c8",
                "sha256:2409b5c9cef7054dde93a9803156b411b677affc84fca69e908b1cb2c540025d",
                "sha256:2fee3ed82a011184807d2127f1733b4f6b2ff6ec7151d83ef3477f3b96a13d03",
                "sha256:30ab804ea73972049b7a2a5c62d97687d69b5a60a67adca07eb73a0ddbc9e29f",
                "sha256:3598893bde43091ee5ca0a6ad20f08a0435e93a69255eeb5f81b85e81e329264",
                "sha256:3b5df18db1fccd66de15aa59c41e4f853b5df7550723d26aa6cb7f40e5d9da5a",
                "sha256:3c5fb32cc6077abad3bbf0323067636d93307c9fa93e072771cf9a64d1c0f3ef",
                "sha256:416c5f1a188c91e3eb41e9c8787288e707f7d2ebe66e0a6563af280d9b68478f",
                "sha256:42b50fa6666b0d50c30a990527127334d6b96dd969011e843e726a64011485da",
                "sha256:432bd15d40ed835a51617521d60d0125867f7b88acf653e4ed994a1f8e4995dc",
                "sha256:473e67837f786404570eae33c3b64a4b9635ae9f00145250851a1292f484c063",
                "sha256:4aaa4e0705ef2b73dd8e36eeb4c868f80f8393f5f4d855e94025ce7ad8525f50",
                "sha256:50a7ddf3d131dc5633dccdb51417e2d1910d25cbcf842115a3a5893509140a3a",
                "sha256:529801a0d58809b60b3531ee804d3e3be4b412c94b5d267daa3de7fadef00f49",
                "sha256:537ca6a3586931b16a85ac38c08cc48f10fc870a5b25e51794c74df843e9966d",
                "sha256:53db2c6be8a2710b359bfd3d3aa17ba38f8aa72a82309a12ae99d3c0c3dcd74d",
                "sha256:5537f71b6d646f7f5f340562ec4c77b6e1c915f8baae822ea0b7e46c1f09b733",
                "sha256:563d5f9354e15e048465061509403f68424fef37d5add3064038c2511c8f5e00",
                "sha256:5d408a642a5484b9b4d11dea15a489ea0928c7e410c7525cd892f4d04f2f617b",
                "sha256:61600a7ca4bcf78a96a68a27c2ae9389763b5b94b63943d5158f2a377e09d29a",
                "sha256:6650f16365f1924d6014d2ea770bde8555b4a39dc9576abb95e3cd1ff0263b36",
                "sha256:666abff54e474d28ff42756d94544cdfd42e2ee97065857413b72e8a2d6a6345",
                "sha256:68a067c11463de2a37157930d8b153005085e42bcb7ad9ca562d77ba7d1404e0",
                "sha256:6e1d2cc79e8dae442b3fa4a26c5794428b98f81389af90623ffcc650ce9f6732",
                "sha256:74cbeac0451f27d4f50e6e8a8f3a52ca074b5e2da9f7b505c4201a57a8ed6286",
                "sha256:780b48456a0f0ba4d390e8b5f7c661fdd218934388cde1a974010a965e200e12",
                "sha256:788aef3549f1924d5c38263104dae7395bf020a42776d5ec5ea2b0d3d85d6646",
                "sha256:7ee1227cf08b6716c85504aebc49ac827eb88fcc6e51564f010f11a406c0a667",
                "sha256:7f301b11b9d214f83ddaf689181051e7f48905568b0c7017c04c06dfd065e244",
                "sha256:83ee89483672b11f8952b158640d0c0ff02dc43d9cb1b70c1564b49abe92ce29",
                "sha256:85bfa6a5413be0ee6c5c4a663668a2cad2cbecdee367630d097d7823041bdeec",
                "sha256:9345b6f7ee578bad8e475129ed40123d265464c4cfead6c261fd60fc9de00bcf",
                "sha256:93a5051fcf5fad72de73b96f07d30bc29665697fb8ecdfbc474f3452c78adcf4",
                "sha256:962b9a917dd7ceacbe5cd424556914cb0d636001e393b43dc886ba31d2a1e449",
                "sha256:96fc32c16ea6d60d3ca7f63397bff5c75c5a562f7db6dec7d412f7c4d2e78ec0",
                "sha256:98ba568e8ae26beb726aeea2273053c717641933836568c2a0278a84987b2a1a",
                "sha256:a3feefd5e95871872673b08636f96b61ebef62971eab044f5124fb4dea39919d",
                "sha256:a955b747d620a50408b7fdf948e04359d6e762ff8a85f5775d907ceced715129",
                "sha256:b43c2b8a330a490daaef5a47ab114935002b13b3f9dc5da56d5322ff218eeadb",
                "sha256:b483c9d00a565633c87abd0aaf27eb5016de23fed952e054ecc19ce32f6a9e7e",
                "sha256:b9ed0b1e5e0759d6b7f8e2f143894b2a7f3edd313f38cf44e1e15d360e11749b",
                "sha256:ba05430e819e58544e840a68b03b28b6d328aff2e41579037e8bab7653b37d83",
                "sha256:ca49e1ab99593438b204e00f3970e7a5f70d045267051dfa6b5f4304fcfa1dbf",
                "sha256:ca5f18a75e1256ce07494e245cdb146f5a9267d3c702ebf9b65c7f8bd843431e",
                "sha256:cd410a1cbb2d297c67d8521759ab2ee3f1d66206d2e4328502a487589a2cb21b",
                "sha256:ce298e3d0c65bd03fa65ffcc6db0e2b578e8f626d468db64fdf8457731052942",
                "sha256:d5ca078bb666c4a9d1287a379fe617a6dccd18c3e8a7e6c7e1eb8974330c626a",
                "sha256:d5fd67df77bab0d3f4ea1d7afca9ef15c2ee35dfb348c7b57ffb9782a6e4db6e",
                "sha256:da1a90c1ddb7531b1d5ff1e171b4ee61f6345119be7351104b67ff413843fe94",
                "sha256:dba70f30fd81f8ce6d32ddeef37d91c8948e5d5a4c63242d16a2b2df8143aafc",
                "sha256:dc07f021ee80510f3cd3af2cad5b6a3b3a10b057521d9e6aaeb621730d320c5a",
                "sha256:dd33eb9bdcfbabab3459c9ee651d94c842bc8a05fabc95edf4ee0c15a072495e",
                "sha256:e0538c43565ee6e703d3a7c3bdfe4037a5209250e8502c98f20fea6f5fdf2965",
                "sha256:e1f54b9b4b6c53369f40028d2dd07a8c374583417ee6ec0ea304e710a20f80a0",
                "sha256:e32d2a2b02ccbef10145df9135751abea1f9f076e67a4e261b05f24b94219e36",
                "sha256:e6096b0688e6e14af6a1b10eaad86b4ff17935c49aa774eac7c95a57a4e8c296",
                "sha256:e71255ba42567d34a13c03968736c5d39bb4a97ce98188fafb27ce981115beec",
                "sha256:ed2e07c6a26ed4bea91b897ee2b0835c21716d9a469a96c3e878dc5f8c55bb23",
                "sha256:eef2afb0fd1747f33f1ee3e209bce1ed582d1896b240ccc5e2697e3275f037c7",
                "sha256:f23222527b307970e383433daec128d769ff778d9b29343fb3496472dc20dabe",
                "sha256:f341ee2df0999bfdf7a95e448075effe0db212a59387de1a70690e4acb03d4c6",
                "sha256:f5be7805e53dafe94d295399cfbe5227f39995a997f4fd8539bf3cbdc8f47ca8",
                "sha256:f7f325be2804246a75a4f45c72d4ce80d2443ab815063cdf70ee8fb2ca59ee1b",
                "sha256:f8af619e3be812a2059b212064ea7a640aff0568d972cd1b9e920837469eb3cb",
                "sha256:fa8c626d6441e2d04b6ee703ef2d1e17608ad44c7cb75258c09dd42bacdfc64b",
                "sha256:fbb9dc00e39f3e6c0ef48edee202f9520dafb233e8b51b06b8428cfcb92abd30",
                "sha256:fff55f3ce50a3ff63ec8e2a8d3dd924f1941b250b0aac3d3d42b687eeff07a8e"
            ],
            "version": "==2021.11.10"
        },
        "tomli": {
            "hashes": [
                "sha256:c6ce0015eb38820eaf32b5db832dbc26deb3dd427bd5f6556cf0acac2c214fee",
                "sha256:f04066f68f5554911363063a30b108d2b5a5b1a010aa8b6132af78489fe3aade"
            ],
            "markers": "python_version >= '3.6'",
            "version": "==1.2.2"
        },
        "typing-extensions": {
            "hashes": [
                "sha256:4ca091dea149f945ec56afb48dae714f21e8692ef22a395223bcd328961b6a0e",
                "sha256:7f001e5ac290a0c0401508864c7ec868be4e701886d5b573a9528ed3973d9d3b"
            ],
            "markers": "python_version >= '3.6'",
            "version": "==4.0.1"
        }
    }
}
